{
  "version": 2,
  "dependencies": {
    "net6.0": {
      "Pathoschild.Stardew.ModBuildConfig": {
        "type": "Direct",
        "requested": "[4.4.0, )",
        "resolved": "4.4.0",
        "contentHash": "Yi7/8bZlLS1bqZxft1yZWxJmIBfIoRxQBFIwWrF0AjC4/j/HmWdDC7dbNzzM4ZtOTtjOAQ8AC7WjP6KHgLPpdg=="
      },
      "stardewvalleymcp.protocol": {
        "type": "Project",
        "dependencies": {
          "Google.Protobuf": "3.34.1"
        }
      },
      "Google.Protobuf": {
        "type": "CentralTransitive",
        "requested": "[3.34.1, )",
        "resolved": "3.34.1",
        "contentHash": "212vdYxRuVopGE5bess6Jg5oXWyizA6hcLPTI7G+qA4PthQEvfeof3njT+7VSY5v/+O0P22xTydiP5fSJJpGEA=="
      }
    }
  }
}